PODS:
  - Alamofire (5.0.0)
  - AppAuth (1.4.0):
    - AppAuth/Core (= 1.4.0)
    - AppAuth/ExternalUserAgent (= 1.4.0)
  - AppAuth/Core (1.4.0)
  - AppAuth/ExternalUserAgent (1.4.0)
  - Cache (5.3.0)
  - CropViewController (2.5.3)
  - EmptyStateKit (1.1.0)
  - FacebookCore (0.9.0):
    - FBSDKCoreKit (~> 5.0)
  - FacebookLogin (0.9.0):
    - FacebookCore (~> 0.9.0)
    - FBSDKCoreKit (~> 5.0)
    - FBSDKLoginKit (~> 5.0)
  - FBSDKCoreKit (5.15.1):
    - FBSDKCoreKit/Basics (= 5.15.1)
    - FBSDKCoreKit/Core (= 5.15.1)
  - FBSDKCoreKit/Basics (5.15.1)
  - FBSDKCoreKit/Core (5.15.1):
    - FBSDKCoreKit/Basics
  - FBSDKLoginKit (5.15.1):
    - FBSDKLoginKit/Login (= 5.15.1)
  - FBSDKLoginKit/Login (5.15.1):
    - FBSDKCoreKit (~> 5.0)
  - GoogleMaps (3.9.0):
    - GoogleMaps/Maps (= 3.9.0)
  - GoogleMaps/Base (3.9.0)
  - GoogleMaps/Maps (3.9.0):
    - GoogleMaps/Base
  - GooglePlaces (3.9.0):
    - GoogleMaps/Base (= 3.9.0)
  - GooglePlacesSearchController (0.2.3)
  - GoogleSignIn (5.0.2):
    - AppAuth (~> 1.2)
    - GTMAppAuth (~> 1.0)
    - GTMSessionFetcher/Core (~> 1.1)
  - GTMAppAuth (1.1.0):
    - AppAuth/Core (~> 1.4)
    - GTMSessionFetcher (~> 1.4)
  - GTMSessionFetcher (1.5.0):
    - GTMSessionFetcher/Full (= 1.5.0)
  - GTMSessionFetcher/Core (1.5.0)
  - GTMSessionFetcher/Full (1.5.0):
    - GTMSessionFetcher/Core (= 1.5.0)
  - Imaginary (4.3.1):
    - Cache (~> 5.3.0)
  - IQKeyboardManagerSwift (6.5.5)
  - Lightbox (2.4.2):
    - Imaginary (~> 4.3.1)
  - NVActivityIndicatorView (4.8.0):
    - NVActivityIndicatorView/Presenter (= 4.8.0)
  - NVActivityIndicatorView/Presenter (4.8.0)
  - PKCCrop (0.2.4)
  - SDWebImage (5.8.3):
    - SDWebImage/Core (= 5.8.3)
  - SDWebImage/Core (5.8.3)
  - SkyFloatingLabelTextField (3.8.0)
  - Stripe (21.4.0):
    - Stripe/Stripe3DS2 (= 21.4.0)
  - Stripe/Stripe3DS2 (21.4.0)
  - SwiftyDrop (4.2.0)

DEPENDENCIES:
  - Alamofire
  - CropViewController
  - EmptyStateKit
  - FacebookCore
  - FacebookLogin
  - GoogleMaps
  - GooglePlaces
  - GooglePlacesSearchController
  - GoogleSignIn
  - IQKeyboardManagerSwift
  - Lightbox
  - NVActivityIndicatorView (~> 4.8.0)
  - PKCCrop
  - SDWebImage
  - SkyFloatingLabelTextField
  - Stripe
  - SwiftyDrop

SPEC REPOS:
  trunk:
    - Alamofire
    - AppAuth
    - Cache
    - CropViewController
    - EmptyStateKit
    - FacebookCore
    - FacebookLogin
    - FBSDKCoreKit
    - FBSDKLoginKit
    - GoogleMaps
    - GooglePlaces
    - GooglePlacesSearchController
    - GoogleSignIn
    - GTMAppAuth
    - GTMSessionFetcher
    - Imaginary
    - IQKeyboardManagerSwift
    - Lightbox
    - NVActivityIndicatorView
    - PKCCrop
    - SDWebImage
    - SkyFloatingLabelTextField
    - Stripe
    - SwiftyDrop

SPEC CHECKSUMS:
  Alamofire: 58ff2bfb8daaacaa233d5c36e37b10a5248f59b1
  AppAuth: 31bcec809a638d7bd2f86ea8a52bd45f6e81e7c7
  Cache: 48762993ec44e1d93483c4d4a13edd18452326f4
  CropViewController: a5c143548a0fabcd6cc25f2d26e40460cfb8c78c
  EmptyStateKit: dc41e9ce5c6089f67a49d063bce73ade9f2ba73f
  FacebookCore: ba86524b66cfa86d0f8e65d08faa8504a9f732dd
  FacebookLogin: 6cee9fd6e1fe976fe8f7eec199e27b28b14f5d63
  FBSDKCoreKit: 1d5acf7c9d7a2f92bb1a242dc60cae5b7adb91df
  FBSDKLoginKit: f1ea8026a58b52d30c9f2e6a58ca7d813619fb83
  GoogleMaps: 4b5346bddfe6911bb89155d43c903020170523ac
  GooglePlaces: 1634d019549b969d40fe0ccb0b9513055adebe01
  GooglePlacesSearchController: f8c7da8c3bf0bcf901c5873c22fda7db5fbfc15e
  GoogleSignIn: 7137d297ddc022a7e0aa4619c86d72c909fa7213
  GTMAppAuth: 197a8dabfea5d665224aa00d17f164fc2248dab9
  GTMSessionFetcher: b3503b20a988c4e20cc189aa798fd18220133f52
  Imaginary: 18c5bba364229eef383b925199db442e71d175e1
  IQKeyboardManagerSwift: 0fb93310284665245591f50f7a5e38de615960b7
  Lightbox: 8837c35c1150fa0410d94296e369b432d37f18c7
  NVActivityIndicatorView: d24b7ebcf80af5dcd994adb650e2b6c93379270f
  PKCCrop: ffee8530f35380fd69e562eb40ea2536a6c0a5cf
  SDWebImage: 112503ec94a5a2a41869503844a15e8d8f1ead5c
  SkyFloatingLabelTextField: 5a338412114808e961fe2d14ea2c5452c8b6e4aa
  Stripe: 7c594b943abb65cf7bc28e37fd5124e65db3ce9e
  SwiftyDrop: c5b306082dfbd7d6b9c1e569dcdd2ab13306e552

PODFILE CHECKSUM: f3aa93af9b733536eab25a97af8132ddb38b5af1

COCOAPODS: 1.10.1
